
Microsoft Visual Studio Solution File, Format Version 12.00
# Blend for Visual Studio Version 16
VisualStudioVersion = 16.0.30320.27
MinimumVisualStudioVersion = 10.0.40219.1
Project("{FAE04EC0-301F-11D3-BF4B-00C04F79EFBC}") = "Phase4", "Phase4\Phase4.csproj", "{0833CF33-3482-4B76-B7C0-94281855235B}"
EndProject
Global
	GlobalSection(SolutionConfigurationPlatforms) = preSolution
		Debug|Any CPU = Debug|Any CPU
		Release|Any CPU = Release|Any CPU
	EndGlobalSection
	GlobalSection(ProjectConfigurationPlatforms) = postSolution
		{0833CF33-3482-4B76-B7C0-94281855235B}.Debug|Any CPU.ActiveCfg = Debug|Any CPU
		{0833CF33-3482-4B76-B7C0-94281855235B}.Debug|Any CPU.Build.0 = Debug|Any CPU
		{0833CF33-3482-4B76-B7C0-94281855235B}.Release|Any CPU.ActiveCfg = Release|Any CPU
		{0833CF33-3482-4B76-B7C0-94281855235B}.Release|Any CPU.Build.0 = Release|Any CPU
	EndGlobalSection
	GlobalSection(SolutionProperties) = preSolution
		HideSolutionNode = FALSE
	EndGlobalSection
	GlobalSection(ExtensibilityGlobals) = postSolution
		SolutionGuid = {4099439A-C6D8-422F-B379-1DF35D539850}
	EndGlobalSection
EndGlobal
